{
  "name": "UE_Back",
  "lockfileVersion": 3,
  "requires": true,
  "packages": {
    "": {
      "dependencies": {
        "pdf-vue3": "^2.0.1"
      }
    },
    "node_modules/pdf-vue3": {
      "version": "2.0.1",
      "resolved": "https://registry.npmjs.org/pdf-vue3/-/pdf-vue3-2.0.1.tgz",
      "integrity": "sha512-1hH48DEmJhSsHo27IFVp0aj97gkI1oe1Fvk6Xz1i8hNNkT6e2QrZ9fCmiVsL+I6bDCWL/e3LvskRTPRlflH5tw==",
      "license": "MIT"
    }
  }
}
